<?xml version="1.0" encoding="utf-8"?>
<Project ToolsVersion="4.0" xmlns="http://schemas.microsoft.com/developer/msbuild/2003">
  <ItemGroup>
    <Filter Include="소스 파일">
      <UniqueIdentifier>{4FC737F1-C7A5-4376-A066-2A32D752A2FF}</UniqueIdentifier>
      <Extensions>cpp;c;cc;cxx;def;odl;idl;hpj;bat;asm;asmx</Extensions>
    </Filter>
    <Filter Include="헤더 파일">
      <UniqueIdentifier>{93995380-89BD-4b04-88EB-625FBE52EBFB}</UniqueIdentifier>
      <Extensions>h;hh;hpp;hxx;hm;inl;inc;ipp;xsd</Extensions>
    </Filter>
    <Filter Include="리소스 파일">
      <UniqueIdentifier>{67DA6AB6-F800-4c08-8B7A-83BB121AAD01}</UniqueIdentifier>
      <Extensions>rc;ico;cur;bmp;dlg;rc2;rct;bin;rgs;gif;jpg;jpeg;jpe;resx;tiff;tif;png;wav;mfcribbon-ms</Extensions>
    </Filter>
    <Filter Include="소스 파일\입출력">
      <UniqueIdentifier>{0cb12611-affa-44f2-ad73-e4fcf66cc1bd}</UniqueIdentifier>
    </Filter>
    <Filter Include="소스 파일\자료구조1">
      <UniqueIdentifier>{c408e176-9a29-48cf-9822-88b87746ca0f}</UniqueIdentifier>
    </Filter>
  </ItemGroup>
  <ItemGroup>
    <ClCompile Include="2557_HelloWorld.cpp">
      <Filter>소스 파일\입출력</Filter>
    </ClCompile>
    <ClCompile Include="1000_A+B.cpp">
      <Filter>소스 파일\입출력</Filter>
    </ClCompile>
    <ClCompile Include="2558_A+B-2.cpp">
      <Filter>소스 파일\입출력</Filter>
    </ClCompile>
    <ClCompile Include="10950_A+B-3.cpp">
      <Filter>소스 파일\입출력</Filter>
    </ClCompile>
    <ClCompile Include="10951_A+B-4.cpp">
      <Filter>소스 파일\입출력</Filter>
    </ClCompile>
    <ClCompile Include="10952_A+B-5.cpp">
      <Filter>소스 파일\입출력</Filter>
    </ClCompile>
    <ClCompile Include="10953_A+B-6.cpp">
      <Filter>소스 파일\입출력</Filter>
    </ClCompile>
    <ClCompile Include="11021_A+B-7.cpp">
      <Filter>소스 파일\입출력</Filter>
    </ClCompile>
    <ClCompile Include="11022_A+B-8.cpp">
      <Filter>소스 파일\입출력</Filter>
    </ClCompile>
    <ClCompile Include="9093_단어뒤집기.cpp">
      <Filter>소스 파일\자료구조1</Filter>
    </ClCompile>
    <ClCompile Include="10828_스택.cpp">
      <Filter>소스 파일\자료구조1</Filter>
    </ClCompile>
    <ClCompile Include="9012_괄호.cpp">
      <Filter>소스 파일\자료구조1</Filter>
    </ClCompile>
    <ClCompile Include="1874_스택수열.cpp">
      <Filter>소스 파일\자료구조1</Filter>
    </ClCompile>
    <ClCompile Include="1406_에디터.cpp">
      <Filter>소스 파일\자료구조1</Filter>
    </ClCompile>
  </ItemGroup>
</Project>