<?xml version="1.0" encoding="utf-8"?>
<Project ToolsVersion="4.0" xmlns="http://schemas.microsoft.com/developer/msbuild/2003">
  <ItemGroup>
    <Filter Include="소스 파일">
      <UniqueIdentifier>{4FC737F1-C7A5-4376-A066-2A32D752A2FF}</UniqueIdentifier>
      <Extensions>cpp;c;cc;cxx;def;odl;idl;hpj;bat;asm;asmx</Extensions>
    </Filter>
    <Filter Include="헤더 파일">
      <UniqueIdentifier>{93995380-89BD-4b04-88EB-625FBE52EBFB}</UniqueIdentifier>
      <Extensions>h;hh;hpp;hxx;hm;inl;inc;ipp;xsd</Extensions>
    </Filter>
    <Filter Include="리소스 파일">
      <UniqueIdentifier>{67DA6AB6-F800-4c08-8B7A-83BB121AAD01}</UniqueIdentifier>
      <Extensions>rc;ico;cur;bmp;dlg;rc2;rct;bin;rgs;gif;jpg;jpeg;jpe;resx;tiff;tif;png;wav;mfcribbon-ms</Extensions>
    </Filter>
    <Filter Include="소스 파일\입출력">
      <UniqueIdentifier>{0cb12611-affa-44f2-ad73-e4fcf66cc1bd}</UniqueIdentifier>
    </Filter>
    <Filter Include="소스 파일\자료구조">
      <UniqueIdentifier>{c408e176-9a29-48cf-9822-88b87746ca0f}</UniqueIdentifier>
    </Filter>
    <Filter Include="소스 파일\자료구조\스택">
      <UniqueIdentifier>{369b9f04-980f-41b3-8024-89e40980bb31}</UniqueIdentifier>
    </Filter>
    <Filter Include="소스 파일\자료구조\큐">
      <UniqueIdentifier>{44a47ded-7426-4ec5-a28e-e424a80458fd}</UniqueIdentifier>
    </Filter>
    <Filter Include="소스 파일\수학1">
      <UniqueIdentifier>{df174e81-abdc-4632-b57d-c7ebddb00370}</UniqueIdentifier>
    </Filter>
    <Filter Include="소스 파일\수학1\연습">
      <UniqueIdentifier>{304c3bbb-9b6b-4ef1-91f0-a1e185490ef5}</UniqueIdentifier>
    </Filter>
    <Filter Include="소스 파일\DP1">
      <UniqueIdentifier>{04c05ba9-b2fa-4dc6-8fdf-bc3280bc5797}</UniqueIdentifier>
    </Filter>
    <Filter Include="소스 파일\브루트포스">
      <UniqueIdentifier>{e7c1a268-19a6-422d-adde-032b452e4f13}</UniqueIdentifier>
    </Filter>
    <Filter Include="소스 파일\브루트포스\건너뛰며해보기">
      <UniqueIdentifier>{44401545-ef1a-4565-b0ef-ec917c266ef4}</UniqueIdentifier>
    </Filter>
    <Filter Include="소스 파일\브루트포스\N과 M">
      <UniqueIdentifier>{635b492e-e06e-4421-a294-1055ebf01e66}</UniqueIdentifier>
    </Filter>
    <Filter Include="소스 파일\브루트포스\순열">
      <UniqueIdentifier>{b2895dfb-1f10-44f9-a25f-37e60d2e9365}</UniqueIdentifier>
    </Filter>
    <Filter Include="소스 파일\브루트포스\재귀">
      <UniqueIdentifier>{3f9cf2c7-911c-4a93-b9df-3a02818ab835}</UniqueIdentifier>
    </Filter>
    <Filter Include="소스 파일\브루트포스\비트마스크">
      <UniqueIdentifier>{ea24a784-ef7a-4e03-999c-b0c63317d102}</UniqueIdentifier>
    </Filter>
    <Filter Include="소스 파일\기타">
      <UniqueIdentifier>{21e8466f-5e1e-4a5d-98c3-2a0b5ac06858}</UniqueIdentifier>
    </Filter>
    <Filter Include="소스 파일\그래프">
      <UniqueIdentifier>{28e94d34-eeac-4f51-a76f-5147663cd9bf}</UniqueIdentifier>
    </Filter>
    <Filter Include="소스 파일\수학1\기타">
      <UniqueIdentifier>{5c6cca00-8081-43d3-8af8-461289af1a26}</UniqueIdentifier>
    </Filter>
    <Filter Include="소스 파일\DP1\연습">
      <UniqueIdentifier>{e8123bcd-0422-40d2-ad0d-e0e5443f20b0}</UniqueIdentifier>
    </Filter>
    <Filter Include="소스 파일\브루트포스\순열\기타">
      <UniqueIdentifier>{858cf16a-3961-4b3f-bb7c-7dffdb22f236}</UniqueIdentifier>
    </Filter>
    <Filter Include="소스 파일\Jusin">
      <UniqueIdentifier>{18b90daa-a7aa-4f31-a802-275cf016dac5}</UniqueIdentifier>
    </Filter>
    <Filter Include="소스 파일\자료구조\문자열">
      <UniqueIdentifier>{6fd6e41d-0f11-4f7f-9dcf-6c9ed8df9740}</UniqueIdentifier>
    </Filter>
    <Filter Include="소스 파일\Lab">
      <UniqueIdentifier>{050dd5a4-4659-49d4-a938-4aa806acd58c}</UniqueIdentifier>
    </Filter>
  </ItemGroup>
  <ItemGroup>
    <ClCompile Include="2557_HelloWorld.cpp">
      <Filter>소스 파일\입출력</Filter>
    </ClCompile>
    <ClCompile Include="1000_A+B.cpp">
      <Filter>소스 파일\입출력</Filter>
    </ClCompile>
    <ClCompile Include="2558_A+B-2.cpp">
      <Filter>소스 파일\입출력</Filter>
    </ClCompile>
    <ClCompile Include="10950_A+B-3.cpp">
      <Filter>소스 파일\입출력</Filter>
    </ClCompile>
    <ClCompile Include="10951_A+B-4.cpp">
      <Filter>소스 파일\입출력</Filter>
    </ClCompile>
    <ClCompile Include="10952_A+B-5.cpp">
      <Filter>소스 파일\입출력</Filter>
    </ClCompile>
    <ClCompile Include="10953_A+B-6.cpp">
      <Filter>소스 파일\입출력</Filter>
    </ClCompile>
    <ClCompile Include="11021_A+B-7.cpp">
      <Filter>소스 파일\입출력</Filter>
    </ClCompile>
    <ClCompile Include="11022_A+B-8.cpp">
      <Filter>소스 파일\입출력</Filter>
    </ClCompile>
    <ClCompile Include="1406_에디터.cpp">
      <Filter>소스 파일\자료구조\스택</Filter>
    </ClCompile>
    <ClCompile Include="1874_스택수열.cpp">
      <Filter>소스 파일\자료구조\스택</Filter>
    </ClCompile>
    <ClCompile Include="9012_괄호.cpp">
      <Filter>소스 파일\자료구조\스택</Filter>
    </ClCompile>
    <ClCompile Include="9093_단어뒤집기.cpp">
      <Filter>소스 파일\자료구조\스택</Filter>
    </ClCompile>
    <ClCompile Include="10828_스택.cpp">
      <Filter>소스 파일\자료구조\스택</Filter>
    </ClCompile>
    <ClCompile Include="10845_큐.cpp">
      <Filter>소스 파일\자료구조\큐</Filter>
    </ClCompile>
    <ClCompile Include="1158_요세푸스문제.cpp">
      <Filter>소스 파일\자료구조\큐</Filter>
    </ClCompile>
    <ClCompile Include="17413_단어뒤집기2.cpp">
      <Filter>소스 파일\자료구조\스택</Filter>
    </ClCompile>
    <ClCompile Include="10799_쇠막대기.cpp">
      <Filter>소스 파일\자료구조\스택</Filter>
    </ClCompile>
    <ClCompile Include="17298_오큰수.cpp">
      <Filter>소스 파일\자료구조\스택</Filter>
    </ClCompile>
    <ClCompile Include="17299_오등큰수.cpp">
      <Filter>소스 파일\자료구조\스택</Filter>
    </ClCompile>
    <ClCompile Include="최대공약수%28GCD%29.cpp">
      <Filter>소스 파일\수학1</Filter>
    </ClCompile>
    <ClCompile Include="유클리드호제법(GCD).cpp">
      <Filter>소스 파일\수학1</Filter>
    </ClCompile>
    <ClCompile Include="소수.cpp">
      <Filter>소스 파일\수학1</Filter>
    </ClCompile>
    <ClCompile Include="에라토스테네스의체.cpp">
      <Filter>소스 파일\수학1</Filter>
    </ClCompile>
    <ClCompile Include="10430_나머지.cpp">
      <Filter>소스 파일\수학1</Filter>
    </ClCompile>
    <ClCompile Include="2609_LCM과GCD.cpp">
      <Filter>소스 파일\수학1</Filter>
    </ClCompile>
    <ClCompile Include="1934_최소공배수.cpp">
      <Filter>소스 파일\수학1</Filter>
    </ClCompile>
    <ClCompile Include="1978_소수찾기.cpp">
      <Filter>소스 파일\수학1</Filter>
    </ClCompile>
    <ClCompile Include="1929_소수구하기.cpp">
      <Filter>소스 파일\수학1</Filter>
    </ClCompile>
    <ClCompile Include="6588_골드바흐의추측.cpp">
      <Filter>소스 파일\수학1</Filter>
    </ClCompile>
    <ClCompile Include="10872_팩토리얼.cpp">
      <Filter>소스 파일\수학1</Filter>
    </ClCompile>
    <ClCompile Include="1676_팩토리얼0의개수.cpp">
      <Filter>소스 파일\수학1</Filter>
    </ClCompile>
    <ClCompile Include="9613_GCD합.cpp">
      <Filter>소스 파일\수학1\연습</Filter>
    </ClCompile>
    <ClCompile Include="17087_숨바꼭질6.cpp">
      <Filter>소스 파일\수학1\연습</Filter>
    </ClCompile>
    <ClCompile Include="1676_팩토리얼0의개수_1.cpp">
      <Filter>소스 파일\수학1</Filter>
    </ClCompile>
    <ClCompile Include="2004_조합0의개수.cpp">
      <Filter>소스 파일\수학1</Filter>
    </ClCompile>
    <ClCompile Include="1373_2진수8진수.cpp">
      <Filter>소스 파일\수학1\연습</Filter>
    </ClCompile>
    <ClCompile Include="1212_8진수2진수.cpp">
      <Filter>소스 파일\수학1\연습</Filter>
    </ClCompile>
    <ClCompile Include="17103_골드바흐파티션.cpp">
      <Filter>소스 파일\수학1\연습</Filter>
    </ClCompile>
    <ClCompile Include="1463_1로만들기.cpp">
      <Filter>소스 파일\DP1</Filter>
    </ClCompile>
    <ClCompile Include="11726_2xn타일링.cpp">
      <Filter>소스 파일\DP1</Filter>
    </ClCompile>
    <ClCompile Include="11727_2xn타일링2.cpp">
      <Filter>소스 파일\DP1</Filter>
    </ClCompile>
    <ClCompile Include="9095_1,2,3더하기.cpp">
      <Filter>소스 파일\DP1</Filter>
    </ClCompile>
    <ClCompile Include="11052_카드구매하기.cpp">
      <Filter>소스 파일\DP1</Filter>
    </ClCompile>
    <ClCompile Include="16194_카드구매하기2.cpp">
      <Filter>소스 파일\DP1</Filter>
    </ClCompile>
    <ClCompile Include="15990_1,2,3더하기5.cpp">
      <Filter>소스 파일\DP1</Filter>
    </ClCompile>
    <ClCompile Include="10844_쉬운계단수.cpp">
      <Filter>소스 파일\DP1</Filter>
    </ClCompile>
    <ClCompile Include="2193_이친수.cpp">
      <Filter>소스 파일\DP1</Filter>
    </ClCompile>
    <ClCompile Include="11053_LIS.cpp">
      <Filter>소스 파일\DP1</Filter>
    </ClCompile>
    <ClCompile Include="2745_진법변환.cpp">
      <Filter>소스 파일\수학1\연습</Filter>
    </ClCompile>
    <ClCompile Include="11653_소인수분해.cpp">
      <Filter>소스 파일\수학1\연습</Filter>
    </ClCompile>
    <ClCompile Include="11005_진법변환2.cpp">
      <Filter>소스 파일\수학1\연습</Filter>
    </ClCompile>
    <ClCompile Include="2089_-2진수.cpp">
      <Filter>소스 파일\수학1\연습</Filter>
    </ClCompile>
    <ClCompile Include="14002_LIS4.cpp">
      <Filter>소스 파일\DP1</Filter>
    </ClCompile>
    <ClCompile Include="1912_연속합.cpp">
      <Filter>소스 파일\DP1</Filter>
    </ClCompile>
    <ClCompile Include="11576_BaseConversion.cpp">
      <Filter>소스 파일\수학1\연습</Filter>
    </ClCompile>
    <ClCompile Include="1476_날짜계산.cpp">
      <Filter>소스 파일\브루트포스</Filter>
    </ClCompile>
    <ClCompile Include="6064_카잉달력.cpp">
      <Filter>소스 파일\브루트포스\건너뛰며해보기</Filter>
    </ClCompile>
    <ClCompile Include="1748_수 이어 쓰기1.cpp">
      <Filter>소스 파일\브루트포스\건너뛰며해보기</Filter>
    </ClCompile>
    <ClCompile Include="15649_N과M(1).cpp">
      <Filter>소스 파일\브루트포스\N과 M</Filter>
    </ClCompile>
    <ClCompile Include="15650_N과M%282%29.cpp">
      <Filter>소스 파일\브루트포스\N과 M</Filter>
    </ClCompile>
    <ClCompile Include="15650_N과M(2)_1.cpp">
      <Filter>소스 파일\브루트포스\N과 M</Filter>
    </ClCompile>
    <ClCompile Include="15651_N과M(3).cpp">
      <Filter>소스 파일\브루트포스\N과 M</Filter>
    </ClCompile>
    <ClCompile Include="15652_N과M(4).cpp">
      <Filter>소스 파일\브루트포스\N과 M</Filter>
    </ClCompile>
    <ClCompile Include="15654_N과M(5).cpp">
      <Filter>소스 파일\브루트포스\N과 M</Filter>
    </ClCompile>
    <ClCompile Include="15655_N과M(6).cpp">
      <Filter>소스 파일\브루트포스\N과 M</Filter>
    </ClCompile>
    <ClCompile Include="15656_N과M(7).cpp">
      <Filter>소스 파일\브루트포스\N과 M</Filter>
    </ClCompile>
    <ClCompile Include="15657_N과M(8).cpp">
      <Filter>소스 파일\브루트포스\N과 M</Filter>
    </ClCompile>
    <ClCompile Include="15663_N과M%289%29%28failed%29.cpp">
      <Filter>소스 파일\브루트포스\N과 M</Filter>
    </ClCompile>
    <ClCompile Include="10972_다음순열.cpp">
      <Filter>소스 파일\브루트포스\순열</Filter>
    </ClCompile>
    <ClCompile Include="10973_이전순열.cpp">
      <Filter>소스 파일\브루트포스\순열</Filter>
    </ClCompile>
    <ClCompile Include="10974_모든순열.cpp">
      <Filter>소스 파일\브루트포스\순열</Filter>
    </ClCompile>
    <ClCompile Include="10819_차이를최대로.cpp">
      <Filter>소스 파일\브루트포스\순열</Filter>
    </ClCompile>
    <ClCompile Include="10971_외판원순회2.cpp">
      <Filter>소스 파일\브루트포스\순열</Filter>
    </ClCompile>
    <ClCompile Include="6603_로또.cpp">
      <Filter>소스 파일\브루트포스\순열</Filter>
    </ClCompile>
    <ClCompile Include="15663_N과M%289%29_1%28failed%29.cpp">
      <Filter>소스 파일\브루트포스\N과 M</Filter>
    </ClCompile>
    <ClCompile Include="15663_N과M(9)_2.cpp">
      <Filter>소스 파일\브루트포스\N과 M</Filter>
    </ClCompile>
    <ClCompile Include="15664_N과M(10).cpp">
      <Filter>소스 파일\브루트포스\N과 M</Filter>
    </ClCompile>
    <ClCompile Include="15665_N과M(11).cpp">
      <Filter>소스 파일\브루트포스\N과 M</Filter>
    </ClCompile>
    <ClCompile Include="15666_N과M(12).cpp">
      <Filter>소스 파일\브루트포스\N과 M</Filter>
    </ClCompile>
    <ClCompile Include="1248_맞춰봐.cpp">
      <Filter>소스 파일\브루트포스\재귀</Filter>
    </ClCompile>
    <ClCompile Include="15663_N과M(9)_3.cpp">
      <Filter>소스 파일\브루트포스\N과 M</Filter>
    </ClCompile>
    <ClCompile Include="15663_N과M(9)_4.cpp">
      <Filter>소스 파일\브루트포스\N과 M</Filter>
    </ClCompile>
    <ClCompile Include="14391_종이조각.cpp">
      <Filter>소스 파일\브루트포스\비트마스크</Filter>
    </ClCompile>
    <ClCompile Include="1913_달팽이.cpp">
      <Filter>소스 파일\기타</Filter>
    </ClCompile>
    <ClCompile Include="1952_달팽이2.cpp">
      <Filter>소스 파일\기타</Filter>
    </ClCompile>
    <ClCompile Include="1959_달팽이3%28failed%29.cpp">
      <Filter>소스 파일\기타</Filter>
    </ClCompile>
    <ClCompile Include="1260_DFS와 BFS.cpp">
      <Filter>소스 파일\그래프</Filter>
    </ClCompile>
    <ClCompile Include="11724_연결요소의개수.cpp">
      <Filter>소스 파일\그래프</Filter>
    </ClCompile>
    <ClCompile Include="13023_ABCDE%28failed%29.cpp">
      <Filter>소스 파일\그래프</Filter>
    </ClCompile>
    <ClCompile Include="13023_ABCED_1%28failed%29.cpp">
      <Filter>소스 파일\그래프</Filter>
    </ClCompile>
    <ClCompile Include="16929_TwoDots.cpp">
      <Filter>소스 파일\그래프</Filter>
    </ClCompile>
    <ClCompile Include="10996_별찍기-21.cpp">
      <Filter>소스 파일\기타</Filter>
    </ClCompile>
    <ClCompile Include="2446_별찍기-9.cpp">
      <Filter>소스 파일\기타</Filter>
    </ClCompile>
    <ClCompile Include="9375_패션왕 신해빈.cpp">
      <Filter>소스 파일\수학1\기타</Filter>
    </ClCompile>
    <ClCompile Include="1009_분산처리.cpp">
      <Filter>소스 파일\기타</Filter>
    </ClCompile>
    <ClCompile Include="16947_서울지하철2호선.cpp">
      <Filter>소스 파일\그래프</Filter>
    </ClCompile>
    <ClCompile Include="1699_제곱수의 합.cpp">
      <Filter>소스 파일\DP1</Filter>
    </ClCompile>
    <ClCompile Include="2225_합분해.cpp">
      <Filter>소스 파일\DP1</Filter>
    </ClCompile>
    <ClCompile Include="15988_1,2,3더하기3.cpp">
      <Filter>소스 파일\DP1\연습</Filter>
    </ClCompile>
    <ClCompile Include="1149_RGB거리%28yet%29.cpp">
      <Filter>소스 파일\DP1\연습</Filter>
    </ClCompile>
    <ClCompile Include="다음순열.cpp">
      <Filter>소스 파일\브루트포스\순열\기타</Filter>
    </ClCompile>
    <ClCompile Include="1918_후위 표기식.cpp">
      <Filter>소스 파일\자료구조\스택</Filter>
    </ClCompile>
    <ClCompile Include="1935_후위표기식2.cpp">
      <Filter>소스 파일\자료구조\스택</Filter>
    </ClCompile>
    <ClCompile Include="이진수 관련.cpp">
      <Filter>소스 파일\Jusin</Filter>
    </ClCompile>
    <ClCompile Include="10808_알파벳개수.cpp">
      <Filter>소스 파일\자료구조\문자열</Filter>
    </ClCompile>
    <ClCompile Include="10809_알파벳찾기.cpp">
      <Filter>소스 파일\자료구조\문자열</Filter>
    </ClCompile>
    <ClCompile Include="10820_문자열분석.cpp">
      <Filter>소스 파일\자료구조\문자열</Filter>
    </ClCompile>
    <ClCompile Include="2743_단어 길이 재기.cpp">
      <Filter>소스 파일\자료구조\문자열</Filter>
    </ClCompile>
    <ClCompile Include="11655_ROT13.cpp">
      <Filter>소스 파일\자료구조\문자열</Filter>
    </ClCompile>
    <ClCompile Include="10824_네 수.cpp">
      <Filter>소스 파일\자료구조\문자열</Filter>
    </ClCompile>
    <ClCompile Include="11656_접미사배열.cpp">
      <Filter>소스 파일\자료구조\문자열</Filter>
    </ClCompile>
    <ClCompile Include="substr.cpp">
      <Filter>소스 파일\Lab</Filter>
    </ClCompile>
    <ClCompile Include="ios_acc.cpp">
      <Filter>소스 파일\Lab</Filter>
    </ClCompile>
  </ItemGroup>
</Project>