<?xml version="1.0" encoding="utf-8"?>
<Project ToolsVersion="4.0" xmlns="http://schemas.microsoft.com/developer/msbuild/2003">
  <ItemGroup>
    <Filter Include="소스 파일">
      <UniqueIdentifier>{4FC737F1-C7A5-4376-A066-2A32D752A2FF}</UniqueIdentifier>
      <Extensions>cpp;c;cc;cxx;def;odl;idl;hpj;bat;asm;asmx</Extensions>
    </Filter>
    <Filter Include="헤더 파일">
      <UniqueIdentifier>{93995380-89BD-4b04-88EB-625FBE52EBFB}</UniqueIdentifier>
      <Extensions>h;hh;hpp;hxx;hm;inl;inc;ipp;xsd</Extensions>
    </Filter>
    <Filter Include="리소스 파일">
      <UniqueIdentifier>{67DA6AB6-F800-4c08-8B7A-83BB121AAD01}</UniqueIdentifier>
      <Extensions>rc;ico;cur;bmp;dlg;rc2;rct;bin;rgs;gif;jpg;jpeg;jpe;resx;tiff;tif;png;wav;mfcribbon-ms</Extensions>
    </Filter>
    <Filter Include="소스 파일\입출력">
      <UniqueIdentifier>{0cb12611-affa-44f2-ad73-e4fcf66cc1bd}</UniqueIdentifier>
    </Filter>
    <Filter Include="소스 파일\자료구조">
      <UniqueIdentifier>{c408e176-9a29-48cf-9822-88b87746ca0f}</UniqueIdentifier>
    </Filter>
    <Filter Include="소스 파일\자료구조\스택">
      <UniqueIdentifier>{369b9f04-980f-41b3-8024-89e40980bb31}</UniqueIdentifier>
    </Filter>
    <Filter Include="소스 파일\자료구조\큐">
      <UniqueIdentifier>{44a47ded-7426-4ec5-a28e-e424a80458fd}</UniqueIdentifier>
    </Filter>
    <Filter Include="소스 파일\수학1">
      <UniqueIdentifier>{df174e81-abdc-4632-b57d-c7ebddb00370}</UniqueIdentifier>
    </Filter>
    <Filter Include="소스 파일\수학1\연습">
      <UniqueIdentifier>{304c3bbb-9b6b-4ef1-91f0-a1e185490ef5}</UniqueIdentifier>
    </Filter>
    <Filter Include="소스 파일\DP1">
      <UniqueIdentifier>{04c05ba9-b2fa-4dc6-8fdf-bc3280bc5797}</UniqueIdentifier>
    </Filter>
  </ItemGroup>
  <ItemGroup>
    <ClCompile Include="2557_HelloWorld.cpp">
      <Filter>소스 파일\입출력</Filter>
    </ClCompile>
    <ClCompile Include="1000_A+B.cpp">
      <Filter>소스 파일\입출력</Filter>
    </ClCompile>
    <ClCompile Include="2558_A+B-2.cpp">
      <Filter>소스 파일\입출력</Filter>
    </ClCompile>
    <ClCompile Include="10950_A+B-3.cpp">
      <Filter>소스 파일\입출력</Filter>
    </ClCompile>
    <ClCompile Include="10951_A+B-4.cpp">
      <Filter>소스 파일\입출력</Filter>
    </ClCompile>
    <ClCompile Include="10952_A+B-5.cpp">
      <Filter>소스 파일\입출력</Filter>
    </ClCompile>
    <ClCompile Include="10953_A+B-6.cpp">
      <Filter>소스 파일\입출력</Filter>
    </ClCompile>
    <ClCompile Include="11021_A+B-7.cpp">
      <Filter>소스 파일\입출력</Filter>
    </ClCompile>
    <ClCompile Include="11022_A+B-8.cpp">
      <Filter>소스 파일\입출력</Filter>
    </ClCompile>
    <ClCompile Include="1406_에디터.cpp">
      <Filter>소스 파일\자료구조\스택</Filter>
    </ClCompile>
    <ClCompile Include="1874_스택수열.cpp">
      <Filter>소스 파일\자료구조\스택</Filter>
    </ClCompile>
    <ClCompile Include="9012_괄호.cpp">
      <Filter>소스 파일\자료구조\스택</Filter>
    </ClCompile>
    <ClCompile Include="9093_단어뒤집기.cpp">
      <Filter>소스 파일\자료구조\스택</Filter>
    </ClCompile>
    <ClCompile Include="10828_스택.cpp">
      <Filter>소스 파일\자료구조\스택</Filter>
    </ClCompile>
    <ClCompile Include="10845_큐.cpp">
      <Filter>소스 파일\자료구조\큐</Filter>
    </ClCompile>
    <ClCompile Include="1158_요세푸스문제.cpp">
      <Filter>소스 파일\자료구조\큐</Filter>
    </ClCompile>
    <ClCompile Include="17413_단어뒤집기2.cpp">
      <Filter>소스 파일\자료구조\스택</Filter>
    </ClCompile>
    <ClCompile Include="10799_쇠막대기.cpp">
      <Filter>소스 파일\자료구조\스택</Filter>
    </ClCompile>
    <ClCompile Include="17298_오큰수.cpp">
      <Filter>소스 파일\자료구조\스택</Filter>
    </ClCompile>
    <ClCompile Include="17299_오등큰수.cpp">
      <Filter>소스 파일\자료구조\스택</Filter>
    </ClCompile>
    <ClCompile Include="최대공약수%28GCD%29.cpp">
      <Filter>소스 파일\수학1</Filter>
    </ClCompile>
    <ClCompile Include="유클리드호제법(GCD).cpp">
      <Filter>소스 파일\수학1</Filter>
    </ClCompile>
    <ClCompile Include="소수.cpp">
      <Filter>소스 파일\수학1</Filter>
    </ClCompile>
    <ClCompile Include="에라토스테네스의체.cpp">
      <Filter>소스 파일\수학1</Filter>
    </ClCompile>
    <ClCompile Include="10430_나머지.cpp">
      <Filter>소스 파일\수학1</Filter>
    </ClCompile>
    <ClCompile Include="2609_LCM과GCD.cpp">
      <Filter>소스 파일\수학1</Filter>
    </ClCompile>
    <ClCompile Include="1934_최소공배수.cpp">
      <Filter>소스 파일\수학1</Filter>
    </ClCompile>
    <ClCompile Include="1978_소수찾기.cpp">
      <Filter>소스 파일\수학1</Filter>
    </ClCompile>
    <ClCompile Include="1929_소수구하기.cpp">
      <Filter>소스 파일\수학1</Filter>
    </ClCompile>
    <ClCompile Include="6588_골드바흐의추측.cpp">
      <Filter>소스 파일\수학1</Filter>
    </ClCompile>
    <ClCompile Include="10872_팩토리얼.cpp">
      <Filter>소스 파일\수학1</Filter>
    </ClCompile>
    <ClCompile Include="1676_팩토리얼0의개수.cpp">
      <Filter>소스 파일\수학1</Filter>
    </ClCompile>
    <ClCompile Include="9613_GCD합.cpp">
      <Filter>소스 파일\수학1\연습</Filter>
    </ClCompile>
    <ClCompile Include="17087_숨바꼭질6.cpp">
      <Filter>소스 파일\수학1\연습</Filter>
    </ClCompile>
    <ClCompile Include="1676_팩토리얼0의개수_1.cpp">
      <Filter>소스 파일\수학1</Filter>
    </ClCompile>
    <ClCompile Include="2004_조합0의개수.cpp">
      <Filter>소스 파일\수학1</Filter>
    </ClCompile>
    <ClCompile Include="1373_2진수8진수.cpp">
      <Filter>소스 파일\수학1\연습</Filter>
    </ClCompile>
    <ClCompile Include="1212_8진수2진수.cpp">
      <Filter>소스 파일\수학1\연습</Filter>
    </ClCompile>
    <ClCompile Include="17103_골드바흐파티션.cpp">
      <Filter>소스 파일\수학1\연습</Filter>
    </ClCompile>
    <ClCompile Include="1463_1로만들기.cpp">
      <Filter>소스 파일\DP1</Filter>
    </ClCompile>
    <ClCompile Include="11726_2xn타일링.cpp">
      <Filter>소스 파일\DP1</Filter>
    </ClCompile>
    <ClCompile Include="11727_2xn타일링2.cpp">
      <Filter>소스 파일\DP1</Filter>
    </ClCompile>
    <ClCompile Include="9095_1,2,3더하기.cpp">
      <Filter>소스 파일\DP1</Filter>
    </ClCompile>
    <ClCompile Include="11052_카드구매하기.cpp">
      <Filter>소스 파일\DP1</Filter>
    </ClCompile>
    <ClCompile Include="16194_카드구매하기2.cpp">
      <Filter>소스 파일\DP1</Filter>
    </ClCompile>
    <ClCompile Include="15990_1,2,3더하기5.cpp">
      <Filter>소스 파일\DP1</Filter>
    </ClCompile>
    <ClCompile Include="10844_쉬운계단수.cpp">
      <Filter>소스 파일\DP1</Filter>
    </ClCompile>
    <ClCompile Include="2193_이친수.cpp">
      <Filter>소스 파일\DP1</Filter>
    </ClCompile>
    <ClCompile Include="11053_LIS.cpp">
      <Filter>소스 파일\DP1</Filter>
    </ClCompile>
    <ClCompile Include="2089_-2진수%28failed%29.cpp">
      <Filter>소스 파일\수학1\연습</Filter>
    </ClCompile>
    <ClCompile Include="2745_진법변환.cpp">
      <Filter>소스 파일\수학1\연습</Filter>
    </ClCompile>
    <ClCompile Include="11653_소인수분해.cpp">
      <Filter>소스 파일\수학1\연습</Filter>
    </ClCompile>
    <ClCompile Include="11005_진법변환2.cpp">
      <Filter>소스 파일\수학1\연습</Filter>
    </ClCompile>
  </ItemGroup>
</Project>